
Microsoft Visual Studio Solution File, Format Version 12.00
# Visual Studio Version 16
VisualStudioVersion = 16.0.30011.22
MinimumVisualStudioVersion = 10.0.40219.1
Project("{FAE04EC0-301F-11D3-BF4B-00C04F79EFBC}") = "DSLR_PC_Tool", "CameraControl\DSLR_PC_Tool.csproj", "{CD20011B-67C3-45A4-B69D-C7A9E8481550}"
	ProjectSection(ProjectDependencies) = postProject
		{F9CF3A51-3A4C-454C-A6A6-23E84E73D839} = {F9CF3A51-3A4C-454C-A6A6-23E84E73D839}
		{F809DBB6-E0E8-47A8-92ED-C24575576A5D} = {F809DBB6-E0E8-47A8-92ED-C24575576A5D}
		{CD8324DA-7E2F-47BB-991F-C2B7D40BDF36} = {CD8324DA-7E2F-47BB-991F-C2B7D40BDF36}
	EndProjectSection
EndProject
Project("{FAE04EC0-301F-11D3-BF4B-00C04F79EFBC}") = "PortableDeviceLib", "PortableDeviceLib\PortableDeviceLib.csproj", "{E9F048C1-C6A0-4CCD-BE57-4E76A7F8B32D}"
EndProject
Project("{FAE04EC0-301F-11D3-BF4B-00C04F79EFBC}") = "CameraControl.Core", "CameraControl.Core\CameraControl.Core.csproj", "{741A8DDA-4604-4CF4-8DAA-1F98A2767896}"
	ProjectSection(ProjectDependencies) = postProject
		{E8572D8B-C987-4D20-BD88-1F8925A64A82} = {E8572D8B-C987-4D20-BD88-1F8925A64A82}
	EndProjectSection
EndProject
Project("{FAE04EC0-301F-11D3-BF4B-00C04F79EFBC}") = "CameraControl.Plugins", "CameraControl.Plugins\CameraControl.Plugins.csproj", "{F9CF3A51-3A4C-454C-A6A6-23E84E73D839}"
	ProjectSection(ProjectDependencies) = postProject
		{741A8DDA-4604-4CF4-8DAA-1F98A2767896} = {741A8DDA-4604-4CF4-8DAA-1F98A2767896}
	EndProjectSection
EndProject
Project("{FAE04EC0-301F-11D3-BF4B-00C04F79EFBC}") = "CameraControl.Devices", "CameraControl.Devices\CameraControl.Devices.csproj", "{E8572D8B-C987-4D20-BD88-1F8925A64A82}"
EndProject
Project("{FAE04EC0-301F-11D3-BF4B-00C04F79EFBC}") = "CameraControl.PluginManager", "CameraControl.PluginManager\CameraControl.PluginManager.csproj", "{CD8324DA-7E2F-47BB-991F-C2B7D40BDF36}"
EndProject
Project("{FAE04EC0-301F-11D3-BF4B-00C04F79EFBC}") = "Canon.Eos.Framework", "Canon.Eos.Framework\Canon.Eos.Framework.csproj", "{F809DBB6-E0E8-47A8-92ED-C24575576A5D}"
EndProject
Project("{54435603-DBB4-11D2-8724-00A0C9A8B90C}") = "Setup", "Setup\Setup.vdproj", "{6501DC35-5BF1-40D0-B4C4-E1F0E2FCD0EA}"
EndProject
Project("{54435603-DBB4-11D2-8724-00A0C9A8B90C}") = "Foldio Setup", "Foldio Setup\Foldio Setup.vdproj", "{7878ED39-819D-485A-8E87-0109B0B8EF76}"
EndProject
Project("{54435603-DBB4-11D2-8724-00A0C9A8B90C}") = "Foldio-Desktop-Setup", "Foldio-Desktop-Setup\Foldio-Desktop-Setup.vdproj", "{DAB8B6F5-EEF1-483D-8D1D-A234E666091E}"
EndProject
Global
	GlobalSection(SolutionConfigurationPlatforms) = preSolution
		All|Any CPU = All|Any CPU
		All|Mixed Platforms = All|Mixed Platforms
		All|x64 = All|x64
		All|x86 = All|x86
		Capture.Workflow|Any CPU = Capture.Workflow|Any CPU
		Capture.Workflow|Mixed Platforms = Capture.Workflow|Mixed Platforms
		Capture.Workflow|x64 = Capture.Workflow|x64
		Capture.Workflow|x86 = Capture.Workflow|x86
		Debug|Any CPU = Debug|Any CPU
		Debug|Mixed Platforms = Debug|Mixed Platforms
		Debug|x64 = Debug|x64
		Debug|x86 = Debug|x86
		Release|Any CPU = Release|Any CPU
		Release|Mixed Platforms = Release|Mixed Platforms
		Release|x64 = Release|x64
		Release|x86 = Release|x86
	EndGlobalSection
	GlobalSection(ProjectConfigurationPlatforms) = postSolution
		{CD20011B-67C3-45A4-B69D-C7A9E8481550}.All|Any CPU.ActiveCfg = Release|Any CPU
		{CD20011B-67C3-45A4-B69D-C7A9E8481550}.All|Any CPU.Build.0 = Release|Any CPU
		{CD20011B-67C3-45A4-B69D-C7A9E8481550}.All|Mixed Platforms.ActiveCfg = Release|x86
		{CD20011B-67C3-45A4-B69D-C7A9E8481550}.All|Mixed Platforms.Build.0 = Release|x86
		{CD20011B-67C3-45A4-B69D-C7A9E8481550}.All|x64.ActiveCfg = Release|x64
		{CD20011B-67C3-45A4-B69D-C7A9E8481550}.All|x64.Build.0 = Release|x64
		{CD20011B-67C3-45A4-B69D-C7A9E8481550}.All|x86.ActiveCfg = Release|x86
		{CD20011B-67C3-45A4-B69D-C7A9E8481550}.All|x86.Build.0 = Release|x86
		{CD20011B-67C3-45A4-B69D-C7A9E8481550}.Capture.Workflow|Any CPU.ActiveCfg = Capture.Workflow|Any CPU
		{CD20011B-67C3-45A4-B69D-C7A9E8481550}.Capture.Workflow|Any CPU.Build.0 = Capture.Workflow|Any CPU
		{CD20011B-67C3-45A4-B69D-C7A9E8481550}.Capture.Workflow|Mixed Platforms.ActiveCfg = Capture.Workflow|x86
		{CD20011B-67C3-45A4-B69D-C7A9E8481550}.Capture.Workflow|Mixed Platforms.Build.0 = Capture.Workflow|x86
		{CD20011B-67C3-45A4-B69D-C7A9E8481550}.Capture.Workflow|x64.ActiveCfg = Capture.Workflow|x64
		{CD20011B-67C3-45A4-B69D-C7A9E8481550}.Capture.Workflow|x64.Build.0 = Capture.Workflow|x64
		{CD20011B-67C3-45A4-B69D-C7A9E8481550}.Capture.Workflow|x86.ActiveCfg = Capture.Workflow|x86
		{CD20011B-67C3-45A4-B69D-C7A9E8481550}.Capture.Workflow|x86.Build.0 = Capture.Workflow|x86
		{CD20011B-67C3-45A4-B69D-C7A9E8481550}.Debug|Any CPU.ActiveCfg = Debug|Any CPU
		{CD20011B-67C3-45A4-B69D-C7A9E8481550}.Debug|Any CPU.Build.0 = Debug|Any CPU
		{CD20011B-67C3-45A4-B69D-C7A9E8481550}.Debug|Mixed Platforms.ActiveCfg = Debug|x86
		{CD20011B-67C3-45A4-B69D-C7A9E8481550}.Debug|Mixed Platforms.Build.0 = Debug|x86
		{CD20011B-67C3-45A4-B69D-C7A9E8481550}.Debug|x64.ActiveCfg = Debug|x64
		{CD20011B-67C3-45A4-B69D-C7A9E8481550}.Debug|x64.Build.0 = Debug|x64
		{CD20011B-67C3-45A4-B69D-C7A9E8481550}.Debug|x86.ActiveCfg = Debug|x86
		{CD20011B-67C3-45A4-B69D-C7A9E8481550}.Debug|x86.Build.0 = Debug|x86
		{CD20011B-67C3-45A4-B69D-C7A9E8481550}.Release|Any CPU.ActiveCfg = Release|x86
		{CD20011B-67C3-45A4-B69D-C7A9E8481550}.Release|Mixed Platforms.ActiveCfg = Release|x86
		{CD20011B-67C3-45A4-B69D-C7A9E8481550}.Release|Mixed Platforms.Build.0 = Release|x86
		{CD20011B-67C3-45A4-B69D-C7A9E8481550}.Release|x64.ActiveCfg = Release|x64
		{CD20011B-67C3-45A4-B69D-C7A9E8481550}.Release|x64.Build.0 = Release|x64
		{CD20011B-67C3-45A4-B69D-C7A9E8481550}.Release|x86.ActiveCfg = Release|x86
		{CD20011B-67C3-45A4-B69D-C7A9E8481550}.Release|x86.Build.0 = Release|x86
		{E9F048C1-C6A0-4CCD-BE57-4E76A7F8B32D}.All|Any CPU.ActiveCfg = Release|Any CPU
		{E9F048C1-C6A0-4CCD-BE57-4E76A7F8B32D}.All|Any CPU.Build.0 = Release|Any CPU
		{E9F048C1-C6A0-4CCD-BE57-4E76A7F8B32D}.All|Mixed Platforms.ActiveCfg = Release|x86
		{E9F048C1-C6A0-4CCD-BE57-4E76A7F8B32D}.All|Mixed Platforms.Build.0 = Release|x86
		{E9F048C1-C6A0-4CCD-BE57-4E76A7F8B32D}.All|x64.ActiveCfg = Release|x64
		{E9F048C1-C6A0-4CCD-BE57-4E76A7F8B32D}.All|x64.Build.0 = Release|x64
		{E9F048C1-C6A0-4CCD-BE57-4E76A7F8B32D}.All|x86.ActiveCfg = Release|x86
		{E9F048C1-C6A0-4CCD-BE57-4E76A7F8B32D}.All|x86.Build.0 = Release|x86
		{E9F048C1-C6A0-4CCD-BE57-4E76A7F8B32D}.Capture.Workflow|Any CPU.ActiveCfg = Capture.Workflow|Any CPU
		{E9F048C1-C6A0-4CCD-BE57-4E76A7F8B32D}.Capture.Workflow|Any CPU.Build.0 = Capture.Workflow|Any CPU
		{E9F048C1-C6A0-4CCD-BE57-4E76A7F8B32D}.Capture.Workflow|Mixed Platforms.ActiveCfg = Capture.Workflow|x86
		{E9F048C1-C6A0-4CCD-BE57-4E76A7F8B32D}.Capture.Workflow|Mixed Platforms.Build.0 = Capture.Workflow|x86
		{E9F048C1-C6A0-4CCD-BE57-4E76A7F8B32D}.Capture.Workflow|x64.ActiveCfg = Capture.Workflow|x64
		{E9F048C1-C6A0-4CCD-BE57-4E76A7F8B32D}.Capture.Workflow|x64.Build.0 = Capture.Workflow|x64
		{E9F048C1-C6A0-4CCD-BE57-4E76A7F8B32D}.Capture.Workflow|x86.ActiveCfg = Capture.Workflow|x86
		{E9F048C1-C6A0-4CCD-BE57-4E76A7F8B32D}.Capture.Workflow|x86.Build.0 = Capture.Workflow|x86
		{E9F048C1-C6A0-4CCD-BE57-4E76A7F8B32D}.Debug|Any CPU.ActiveCfg = Debug|Any CPU
		{E9F048C1-C6A0-4CCD-BE57-4E76A7F8B32D}.Debug|Any CPU.Build.0 = Debug|Any CPU
		{E9F048C1-C6A0-4CCD-BE57-4E76A7F8B32D}.Debug|Mixed Platforms.ActiveCfg = Debug|x86
		{E9F048C1-C6A0-4CCD-BE57-4E76A7F8B32D}.Debug|Mixed Platforms.Build.0 = Debug|x86
		{E9F048C1-C6A0-4CCD-BE57-4E76A7F8B32D}.Debug|x64.ActiveCfg = Debug|x64
		{E9F048C1-C6A0-4CCD-BE57-4E76A7F8B32D}.Debug|x64.Build.0 = Debug|x64
		{E9F048C1-C6A0-4CCD-BE57-4E76A7F8B32D}.Debug|x86.ActiveCfg = Debug|x86
		{E9F048C1-C6A0-4CCD-BE57-4E76A7F8B32D}.Debug|x86.Build.0 = Debug|x86
		{E9F048C1-C6A0-4CCD-BE57-4E76A7F8B32D}.Release|Any CPU.ActiveCfg = Release|Any CPU
		{E9F048C1-C6A0-4CCD-BE57-4E76A7F8B32D}.Release|Any CPU.Build.0 = Release|Any CPU
		{E9F048C1-C6A0-4CCD-BE57-4E76A7F8B32D}.Release|Mixed Platforms.ActiveCfg = Release|x86
		{E9F048C1-C6A0-4CCD-BE57-4E76A7F8B32D}.Release|Mixed Platforms.Build.0 = Release|x86
		{E9F048C1-C6A0-4CCD-BE57-4E76A7F8B32D}.Release|x64.ActiveCfg = Release|x64
		{E9F048C1-C6A0-4CCD-BE57-4E76A7F8B32D}.Release|x64.Build.0 = Release|x64
		{E9F048C1-C6A0-4CCD-BE57-4E76A7F8B32D}.Release|x86.ActiveCfg = Release|x86
		{E9F048C1-C6A0-4CCD-BE57-4E76A7F8B32D}.Release|x86.Build.0 = Release|x86
		{741A8DDA-4604-4CF4-8DAA-1F98A2767896}.All|Any CPU.ActiveCfg = Release|Any CPU
		{741A8DDA-4604-4CF4-8DAA-1F98A2767896}.All|Any CPU.Build.0 = Release|Any CPU
		{741A8DDA-4604-4CF4-8DAA-1F98A2767896}.All|Mixed Platforms.ActiveCfg = Release|x86
		{741A8DDA-4604-4CF4-8DAA-1F98A2767896}.All|Mixed Platforms.Build.0 = Release|x86
		{741A8DDA-4604-4CF4-8DAA-1F98A2767896}.All|x64.ActiveCfg = Release|x64
		{741A8DDA-4604-4CF4-8DAA-1F98A2767896}.All|x64.Build.0 = Release|x64
		{741A8DDA-4604-4CF4-8DAA-1F98A2767896}.All|x86.ActiveCfg = Release|x86
		{741A8DDA-4604-4CF4-8DAA-1F98A2767896}.All|x86.Build.0 = Release|x86
		{741A8DDA-4604-4CF4-8DAA-1F98A2767896}.Capture.Workflow|Any CPU.ActiveCfg = Capture.Workflow|Any CPU
		{741A8DDA-4604-4CF4-8DAA-1F98A2767896}.Capture.Workflow|Any CPU.Build.0 = Capture.Workflow|Any CPU
		{741A8DDA-4604-4CF4-8DAA-1F98A2767896}.Capture.Workflow|Mixed Platforms.ActiveCfg = Capture.Workflow|x86
		{741A8DDA-4604-4CF4-8DAA-1F98A2767896}.Capture.Workflow|Mixed Platforms.Build.0 = Capture.Workflow|x86
		{741A8DDA-4604-4CF4-8DAA-1F98A2767896}.Capture.Workflow|x64.ActiveCfg = Capture.Workflow|x64
		{741A8DDA-4604-4CF4-8DAA-1F98A2767896}.Capture.Workflow|x64.Build.0 = Capture.Workflow|x64
		{741A8DDA-4604-4CF4-8DAA-1F98A2767896}.Capture.Workflow|x86.ActiveCfg = Capture.Workflow|x86
		{741A8DDA-4604-4CF4-8DAA-1F98A2767896}.Capture.Workflow|x86.Build.0 = Capture.Workflow|x86
		{741A8DDA-4604-4CF4-8DAA-1F98A2767896}.Debug|Any CPU.ActiveCfg = Debug|Any CPU
		{741A8DDA-4604-4CF4-8DAA-1F98A2767896}.Debug|Any CPU.Build.0 = Debug|Any CPU
		{741A8DDA-4604-4CF4-8DAA-1F98A2767896}.Debug|Mixed Platforms.ActiveCfg = Debug|x86
		{741A8DDA-4604-4CF4-8DAA-1F98A2767896}.Debug|Mixed Platforms.Build.0 = Debug|x86
		{741A8DDA-4604-4CF4-8DAA-1F98A2767896}.Debug|x64.ActiveCfg = Debug|x64
		{741A8DDA-4604-4CF4-8DAA-1F98A2767896}.Debug|x64.Build.0 = Debug|x64
		{741A8DDA-4604-4CF4-8DAA-1F98A2767896}.Debug|x86.ActiveCfg = Debug|x86
		{741A8DDA-4604-4CF4-8DAA-1F98A2767896}.Debug|x86.Build.0 = Debug|x86
		{741A8DDA-4604-4CF4-8DAA-1F98A2767896}.Release|Any CPU.ActiveCfg = Release|Any CPU
		{741A8DDA-4604-4CF4-8DAA-1F98A2767896}.Release|Any CPU.Build.0 = Release|Any CPU
		{741A8DDA-4604-4CF4-8DAA-1F98A2767896}.Release|Mixed Platforms.ActiveCfg = Release|x86
		{741A8DDA-4604-4CF4-8DAA-1F98A2767896}.Release|Mixed Platforms.Build.0 = Release|x86
		{741A8DDA-4604-4CF4-8DAA-1F98A2767896}.Release|x64.ActiveCfg = Release|x64
		{741A8DDA-4604-4CF4-8DAA-1F98A2767896}.Release|x64.Build.0 = Release|x64
		{741A8DDA-4604-4CF4-8DAA-1F98A2767896}.Release|x86.ActiveCfg = Release|x86
		{741A8DDA-4604-4CF4-8DAA-1F98A2767896}.Release|x86.Build.0 = Release|x86
		{F9CF3A51-3A4C-454C-A6A6-23E84E73D839}.All|Any CPU.ActiveCfg = Release|Any CPU
		{F9CF3A51-3A4C-454C-A6A6-23E84E73D839}.All|Any CPU.Build.0 = Release|Any CPU
		{F9CF3A51-3A4C-454C-A6A6-23E84E73D839}.All|Mixed Platforms.ActiveCfg = Release|x86
		{F9CF3A51-3A4C-454C-A6A6-23E84E73D839}.All|Mixed Platforms.Build.0 = Release|x86
		{F9CF3A51-3A4C-454C-A6A6-23E84E73D839}.All|x64.ActiveCfg = Release|x64
		{F9CF3A51-3A4C-454C-A6A6-23E84E73D839}.All|x64.Build.0 = Release|x64
		{F9CF3A51-3A4C-454C-A6A6-23E84E73D839}.All|x86.ActiveCfg = Release|x86
		{F9CF3A51-3A4C-454C-A6A6-23E84E73D839}.All|x86.Build.0 = Release|x86
		{F9CF3A51-3A4C-454C-A6A6-23E84E73D839}.Capture.Workflow|Any CPU.ActiveCfg = Capture.Workflow|Any CPU
		{F9CF3A51-3A4C-454C-A6A6-23E84E73D839}.Capture.Workflow|Any CPU.Build.0 = Capture.Workflow|Any CPU
		{F9CF3A51-3A4C-454C-A6A6-23E84E73D839}.Capture.Workflow|Mixed Platforms.ActiveCfg = Capture.Workflow|x86
		{F9CF3A51-3A4C-454C-A6A6-23E84E73D839}.Capture.Workflow|Mixed Platforms.Build.0 = Capture.Workflow|x86
		{F9CF3A51-3A4C-454C-A6A6-23E84E73D839}.Capture.Workflow|x64.ActiveCfg = Capture.Workflow|x64
		{F9CF3A51-3A4C-454C-A6A6-23E84E73D839}.Capture.Workflow|x64.Build.0 = Capture.Workflow|x64
		{F9CF3A51-3A4C-454C-A6A6-23E84E73D839}.Capture.Workflow|x86.ActiveCfg = Capture.Workflow|x86
		{F9CF3A51-3A4C-454C-A6A6-23E84E73D839}.Capture.Workflow|x86.Build.0 = Capture.Workflow|x86
		{F9CF3A51-3A4C-454C-A6A6-23E84E73D839}.Debug|Any CPU.ActiveCfg = Debug|Any CPU
		{F9CF3A51-3A4C-454C-A6A6-23E84E73D839}.Debug|Any CPU.Build.0 = Debug|Any CPU
		{F9CF3A51-3A4C-454C-A6A6-23E84E73D839}.Debug|Mixed Platforms.ActiveCfg = Debug|x86
		{F9CF3A51-3A4C-454C-A6A6-23E84E73D839}.Debug|Mixed Platforms.Build.0 = Debug|x86
		{F9CF3A51-3A4C-454C-A6A6-23E84E73D839}.Debug|x64.ActiveCfg = Debug|x64
		{F9CF3A51-3A4C-454C-A6A6-23E84E73D839}.Debug|x64.Build.0 = Debug|x64
		{F9CF3A51-3A4C-454C-A6A6-23E84E73D839}.Debug|x86.ActiveCfg = Debug|x86
		{F9CF3A51-3A4C-454C-A6A6-23E84E73D839}.Debug|x86.Build.0 = Debug|x86
		{F9CF3A51-3A4C-454C-A6A6-23E84E73D839}.Release|Any CPU.ActiveCfg = Release|Any CPU
		{F9CF3A51-3A4C-454C-A6A6-23E84E73D839}.Release|Any CPU.Build.0 = Release|Any CPU
		{F9CF3A51-3A4C-454C-A6A6-23E84E73D839}.Release|Mixed Platforms.ActiveCfg = Release|x86
		{F9CF3A51-3A4C-454C-A6A6-23E84E73D839}.Release|Mixed Platforms.Build.0 = Release|x86
		{F9CF3A51-3A4C-454C-A6A6-23E84E73D839}.Release|x64.ActiveCfg = Release|x64
		{F9CF3A51-3A4C-454C-A6A6-23E84E73D839}.Release|x64.Build.0 = Release|x64
		{F9CF3A51-3A4C-454C-A6A6-23E84E73D839}.Release|x86.ActiveCfg = Release|x86
		{F9CF3A51-3A4C-454C-A6A6-23E84E73D839}.Release|x86.Build.0 = Release|x86
		{E8572D8B-C987-4D20-BD88-1F8925A64A82}.All|Any CPU.ActiveCfg = Release|Any CPU
		{E8572D8B-C987-4D20-BD88-1F8925A64A82}.All|Any CPU.Build.0 = Release|Any CPU
		{E8572D8B-C987-4D20-BD88-1F8925A64A82}.All|Mixed Platforms.ActiveCfg = Release|x86
		{E8572D8B-C987-4D20-BD88-1F8925A64A82}.All|Mixed Platforms.Build.0 = Release|x86
		{E8572D8B-C987-4D20-BD88-1F8925A64A82}.All|x64.ActiveCfg = Release|x64
		{E8572D8B-C987-4D20-BD88-1F8925A64A82}.All|x64.Build.0 = Release|x64
		{E8572D8B-C987-4D20-BD88-1F8925A64A82}.All|x86.ActiveCfg = Release|x86
		{E8572D8B-C987-4D20-BD88-1F8925A64A82}.All|x86.Build.0 = Release|x86
		{E8572D8B-C987-4D20-BD88-1F8925A64A82}.Capture.Workflow|Any CPU.ActiveCfg = Capture.Workflow|Any CPU
		{E8572D8B-C987-4D20-BD88-1F8925A64A82}.Capture.Workflow|Any CPU.Build.0 = Capture.Workflow|Any CPU
		{E8572D8B-C987-4D20-BD88-1F8925A64A82}.Capture.Workflow|Mixed Platforms.ActiveCfg = Capture.Workflow|x86
		{E8572D8B-C987-4D20-BD88-1F8925A64A82}.Capture.Workflow|Mixed Platforms.Build.0 = Capture.Workflow|x86
		{E8572D8B-C987-4D20-BD88-1F8925A64A82}.Capture.Workflow|x64.ActiveCfg = Capture.Workflow|x64
		{E8572D8B-C987-4D20-BD88-1F8925A64A82}.Capture.Workflow|x64.Build.0 = Capture.Workflow|x64
		{E8572D8B-C987-4D20-BD88-1F8925A64A82}.Capture.Workflow|x86.ActiveCfg = Capture.Workflow|x86
		{E8572D8B-C987-4D20-BD88-1F8925A64A82}.Capture.Workflow|x86.Build.0 = Capture.Workflow|x86
		{E8572D8B-C987-4D20-BD88-1F8925A64A82}.Debug|Any CPU.ActiveCfg = Debug|Any CPU
		{E8572D8B-C987-4D20-BD88-1F8925A64A82}.Debug|Any CPU.Build.0 = Debug|Any CPU
		{E8572D8B-C987-4D20-BD88-1F8925A64A82}.Debug|Mixed Platforms.ActiveCfg = Debug|x86
		{E8572D8B-C987-4D20-BD88-1F8925A64A82}.Debug|Mixed Platforms.Build.0 = Debug|x86
		{E8572D8B-C987-4D20-BD88-1F8925A64A82}.Debug|x64.ActiveCfg = Debug|x64
		{E8572D8B-C987-4D20-BD88-1F8925A64A82}.Debug|x64.Build.0 = Debug|x64
		{E8572D8B-C987-4D20-BD88-1F8925A64A82}.Debug|x86.ActiveCfg = Debug|x86
		{E8572D8B-C987-4D20-BD88-1F8925A64A82}.Debug|x86.Build.0 = Debug|x86
		{E8572D8B-C987-4D20-BD88-1F8925A64A82}.Release|Any CPU.ActiveCfg = Release|Any CPU
		{E8572D8B-C987-4D20-BD88-1F8925A64A82}.Release|Any CPU.Build.0 = Release|Any CPU
		{E8572D8B-C987-4D20-BD88-1F8925A64A82}.Release|Mixed Platforms.ActiveCfg = Release|x86
		{E8572D8B-C987-4D20-BD88-1F8925A64A82}.Release|Mixed Platforms.Build.0 = Release|x86
		{E8572D8B-C987-4D20-BD88-1F8925A64A82}.Release|x64.ActiveCfg = Release|x64
		{E8572D8B-C987-4D20-BD88-1F8925A64A82}.Release|x64.Build.0 = Release|x64
		{E8572D8B-C987-4D20-BD88-1F8925A64A82}.Release|x86.ActiveCfg = Release|x86
		{E8572D8B-C987-4D20-BD88-1F8925A64A82}.Release|x86.Build.0 = Release|x86
		{CD8324DA-7E2F-47BB-991F-C2B7D40BDF36}.All|Any CPU.ActiveCfg = Release|Any CPU
		{CD8324DA-7E2F-47BB-991F-C2B7D40BDF36}.All|Any CPU.Build.0 = Release|Any CPU
		{CD8324DA-7E2F-47BB-991F-C2B7D40BDF36}.All|Mixed Platforms.ActiveCfg = Release|x86
		{CD8324DA-7E2F-47BB-991F-C2B7D40BDF36}.All|Mixed Platforms.Build.0 = Release|x86
		{CD8324DA-7E2F-47BB-991F-C2B7D40BDF36}.All|x64.ActiveCfg = Release|x64
		{CD8324DA-7E2F-47BB-991F-C2B7D40BDF36}.All|x64.Build.0 = Release|x64
		{CD8324DA-7E2F-47BB-991F-C2B7D40BDF36}.All|x86.ActiveCfg = Release|x86
		{CD8324DA-7E2F-47BB-991F-C2B7D40BDF36}.All|x86.Build.0 = Release|x86
		{CD8324DA-7E2F-47BB-991F-C2B7D40BDF36}.Capture.Workflow|Any CPU.ActiveCfg = Capture.Workflow|Any CPU
		{CD8324DA-7E2F-47BB-991F-C2B7D40BDF36}.Capture.Workflow|Any CPU.Build.0 = Capture.Workflow|Any CPU
		{CD8324DA-7E2F-47BB-991F-C2B7D40BDF36}.Capture.Workflow|Mixed Platforms.ActiveCfg = Capture.Workflow|x86
		{CD8324DA-7E2F-47BB-991F-C2B7D40BDF36}.Capture.Workflow|Mixed Platforms.Build.0 = Capture.Workflow|x86
		{CD8324DA-7E2F-47BB-991F-C2B7D40BDF36}.Capture.Workflow|x64.ActiveCfg = Capture.Workflow|x64
		{CD8324DA-7E2F-47BB-991F-C2B7D40BDF36}.Capture.Workflow|x64.Build.0 = Capture.Workflow|x64
		{CD8324DA-7E2F-47BB-991F-C2B7D40BDF36}.Capture.Workflow|x86.ActiveCfg = Capture.Workflow|x86
		{CD8324DA-7E2F-47BB-991F-C2B7D40BDF36}.Capture.Workflow|x86.Build.0 = Capture.Workflow|x86
		{CD8324DA-7E2F-47BB-991F-C2B7D40BDF36}.Debug|Any CPU.ActiveCfg = Debug|Any CPU
		{CD8324DA-7E2F-47BB-991F-C2B7D40BDF36}.Debug|Any CPU.Build.0 = Debug|Any CPU
		{CD8324DA-7E2F-47BB-991F-C2B7D40BDF36}.Debug|Mixed Platforms.ActiveCfg = Debug|x86
		{CD8324DA-7E2F-47BB-991F-C2B7D40BDF36}.Debug|Mixed Platforms.Build.0 = Debug|x86
		{CD8324DA-7E2F-47BB-991F-C2B7D40BDF36}.Debug|x64.ActiveCfg = Debug|x64
		{CD8324DA-7E2F-47BB-991F-C2B7D40BDF36}.Debug|x64.Build.0 = Debug|x64
		{CD8324DA-7E2F-47BB-991F-C2B7D40BDF36}.Debug|x86.ActiveCfg = Debug|x86
		{CD8324DA-7E2F-47BB-991F-C2B7D40BDF36}.Debug|x86.Build.0 = Debug|x86
		{CD8324DA-7E2F-47BB-991F-C2B7D40BDF36}.Release|Any CPU.ActiveCfg = Release|x86
		{CD8324DA-7E2F-47BB-991F-C2B7D40BDF36}.Release|Mixed Platforms.ActiveCfg = Release|x86
		{CD8324DA-7E2F-47BB-991F-C2B7D40BDF36}.Release|Mixed Platforms.Build.0 = Release|x86
		{CD8324DA-7E2F-47BB-991F-C2B7D40BDF36}.Release|x64.ActiveCfg = Release|x64
		{CD8324DA-7E2F-47BB-991F-C2B7D40BDF36}.Release|x64.Build.0 = Release|x64
		{CD8324DA-7E2F-47BB-991F-C2B7D40BDF36}.Release|x86.ActiveCfg = Release|x86
		{CD8324DA-7E2F-47BB-991F-C2B7D40BDF36}.Release|x86.Build.0 = Release|x86
		{F809DBB6-E0E8-47A8-92ED-C24575576A5D}.All|Any CPU.ActiveCfg = Release|Any CPU
		{F809DBB6-E0E8-47A8-92ED-C24575576A5D}.All|Any CPU.Build.0 = Release|Any CPU
		{F809DBB6-E0E8-47A8-92ED-C24575576A5D}.All|Mixed Platforms.ActiveCfg = Release|x86
		{F809DBB6-E0E8-47A8-92ED-C24575576A5D}.All|Mixed Platforms.Build.0 = Release|x86
		{F809DBB6-E0E8-47A8-92ED-C24575576A5D}.All|x64.ActiveCfg = Release|x64
		{F809DBB6-E0E8-47A8-92ED-C24575576A5D}.All|x64.Build.0 = Release|x64
		{F809DBB6-E0E8-47A8-92ED-C24575576A5D}.All|x86.ActiveCfg = Release|x86
		{F809DBB6-E0E8-47A8-92ED-C24575576A5D}.All|x86.Build.0 = Release|x86
		{F809DBB6-E0E8-47A8-92ED-C24575576A5D}.Capture.Workflow|Any CPU.ActiveCfg = Capture.Workflow|Any CPU
		{F809DBB6-E0E8-47A8-92ED-C24575576A5D}.Capture.Workflow|Any CPU.Build.0 = Capture.Workflow|Any CPU
		{F809DBB6-E0E8-47A8-92ED-C24575576A5D}.Capture.Workflow|Mixed Platforms.ActiveCfg = Capture.Workflow|x86
		{F809DBB6-E0E8-47A8-92ED-C24575576A5D}.Capture.Workflow|Mixed Platforms.Build.0 = Capture.Workflow|x86
		{F809DBB6-E0E8-47A8-92ED-C24575576A5D}.Capture.Workflow|x64.ActiveCfg = Capture.Workflow|x64
		{F809DBB6-E0E8-47A8-92ED-C24575576A5D}.Capture.Workflow|x64.Build.0 = Capture.Workflow|x64
		{F809DBB6-E0E8-47A8-92ED-C24575576A5D}.Capture.Workflow|x86.ActiveCfg = Capture.Workflow|x86
		{F809DBB6-E0E8-47A8-92ED-C24575576A5D}.Capture.Workflow|x86.Build.0 = Capture.Workflow|x86
		{F809DBB6-E0E8-47A8-92ED-C24575576A5D}.Debug|Any CPU.ActiveCfg = Debug|Any CPU
		{F809DBB6-E0E8-47A8-92ED-C24575576A5D}.Debug|Any CPU.Build.0 = Debug|Any CPU
		{F809DBB6-E0E8-47A8-92ED-C24575576A5D}.Debug|Mixed Platforms.ActiveCfg = Debug|x86
		{F809DBB6-E0E8-47A8-92ED-C24575576A5D}.Debug|Mixed Platforms.Build.0 = Debug|x86
		{F809DBB6-E0E8-47A8-92ED-C24575576A5D}.Debug|x64.ActiveCfg = Debug|x64
		{F809DBB6-E0E8-47A8-92ED-C24575576A5D}.Debug|x64.Build.0 = Debug|x64
		{F809DBB6-E0E8-47A8-92ED-C24575576A5D}.Debug|x86.ActiveCfg = Debug|x86
		{F809DBB6-E0E8-47A8-92ED-C24575576A5D}.Debug|x86.Build.0 = Debug|x86
		{F809DBB6-E0E8-47A8-92ED-C24575576A5D}.Release|Any CPU.ActiveCfg = Release|Any CPU
		{F809DBB6-E0E8-47A8-92ED-C24575576A5D}.Release|Any CPU.Build.0 = Release|Any CPU
		{F809DBB6-E0E8-47A8-92ED-C24575576A5D}.Release|Mixed Platforms.ActiveCfg = Release|x86
		{F809DBB6-E0E8-47A8-92ED-C24575576A5D}.Release|Mixed Platforms.Build.0 = Release|x86
		{F809DBB6-E0E8-47A8-92ED-C24575576A5D}.Release|x64.ActiveCfg = Release|x64
		{F809DBB6-E0E8-47A8-92ED-C24575576A5D}.Release|x64.Build.0 = Release|x64
		{F809DBB6-E0E8-47A8-92ED-C24575576A5D}.Release|x86.ActiveCfg = Release|x86
		{F809DBB6-E0E8-47A8-92ED-C24575576A5D}.Release|x86.Build.0 = Release|x86
		{6501DC35-5BF1-40D0-B4C4-E1F0E2FCD0EA}.All|Any CPU.ActiveCfg = Debug
		{6501DC35-5BF1-40D0-B4C4-E1F0E2FCD0EA}.All|Mixed Platforms.ActiveCfg = Debug
		{6501DC35-5BF1-40D0-B4C4-E1F0E2FCD0EA}.All|x64.ActiveCfg = Debug
		{6501DC35-5BF1-40D0-B4C4-E1F0E2FCD0EA}.All|x86.ActiveCfg = Debug
		{6501DC35-5BF1-40D0-B4C4-E1F0E2FCD0EA}.Capture.Workflow|Any CPU.ActiveCfg = Debug
		{6501DC35-5BF1-40D0-B4C4-E1F0E2FCD0EA}.Capture.Workflow|Mixed Platforms.ActiveCfg = Debug
		{6501DC35-5BF1-40D0-B4C4-E1F0E2FCD0EA}.Capture.Workflow|x64.ActiveCfg = Debug
		{6501DC35-5BF1-40D0-B4C4-E1F0E2FCD0EA}.Capture.Workflow|x86.ActiveCfg = Debug
		{6501DC35-5BF1-40D0-B4C4-E1F0E2FCD0EA}.Debug|Any CPU.ActiveCfg = Debug
		{6501DC35-5BF1-40D0-B4C4-E1F0E2FCD0EA}.Debug|Mixed Platforms.ActiveCfg = Release
		{6501DC35-5BF1-40D0-B4C4-E1F0E2FCD0EA}.Debug|x64.ActiveCfg = Debug
		{6501DC35-5BF1-40D0-B4C4-E1F0E2FCD0EA}.Debug|x86.ActiveCfg = Debug
		{6501DC35-5BF1-40D0-B4C4-E1F0E2FCD0EA}.Release|Any CPU.ActiveCfg = Release
		{6501DC35-5BF1-40D0-B4C4-E1F0E2FCD0EA}.Release|Mixed Platforms.ActiveCfg = Release
		{6501DC35-5BF1-40D0-B4C4-E1F0E2FCD0EA}.Release|x64.ActiveCfg = Release
		{6501DC35-5BF1-40D0-B4C4-E1F0E2FCD0EA}.Release|x86.ActiveCfg = Release
		{7878ED39-819D-485A-8E87-0109B0B8EF76}.All|Any CPU.ActiveCfg = Debug
		{7878ED39-819D-485A-8E87-0109B0B8EF76}.All|Mixed Platforms.ActiveCfg = Debug
		{7878ED39-819D-485A-8E87-0109B0B8EF76}.All|x64.ActiveCfg = Debug
		{7878ED39-819D-485A-8E87-0109B0B8EF76}.All|x86.ActiveCfg = Debug
		{7878ED39-819D-485A-8E87-0109B0B8EF76}.Capture.Workflow|Any CPU.ActiveCfg = Debug
		{7878ED39-819D-485A-8E87-0109B0B8EF76}.Capture.Workflow|Mixed Platforms.ActiveCfg = Debug
		{7878ED39-819D-485A-8E87-0109B0B8EF76}.Capture.Workflow|x64.ActiveCfg = Debug
		{7878ED39-819D-485A-8E87-0109B0B8EF76}.Capture.Workflow|x86.ActiveCfg = Debug
		{7878ED39-819D-485A-8E87-0109B0B8EF76}.Debug|Any CPU.ActiveCfg = Debug
		{7878ED39-819D-485A-8E87-0109B0B8EF76}.Debug|Mixed Platforms.ActiveCfg = Debug
		{7878ED39-819D-485A-8E87-0109B0B8EF76}.Debug|x64.ActiveCfg = Debug
		{7878ED39-819D-485A-8E87-0109B0B8EF76}.Debug|x86.ActiveCfg = Debug
		{7878ED39-819D-485A-8E87-0109B0B8EF76}.Release|Any CPU.ActiveCfg = Release
		{7878ED39-819D-485A-8E87-0109B0B8EF76}.Release|Mixed Platforms.ActiveCfg = Release
		{7878ED39-819D-485A-8E87-0109B0B8EF76}.Release|x64.ActiveCfg = Release
		{7878ED39-819D-485A-8E87-0109B0B8EF76}.Release|x86.ActiveCfg = Release
		{DAB8B6F5-EEF1-483D-8D1D-A234E666091E}.All|Any CPU.ActiveCfg = Debug
		{DAB8B6F5-EEF1-483D-8D1D-A234E666091E}.All|Mixed Platforms.ActiveCfg = Debug
		{DAB8B6F5-EEF1-483D-8D1D-A234E666091E}.All|x64.ActiveCfg = Debug
		{DAB8B6F5-EEF1-483D-8D1D-A234E666091E}.All|x86.ActiveCfg = Debug
		{DAB8B6F5-EEF1-483D-8D1D-A234E666091E}.Capture.Workflow|Any CPU.ActiveCfg = Debug
		{DAB8B6F5-EEF1-483D-8D1D-A234E666091E}.Capture.Workflow|Mixed Platforms.ActiveCfg = Debug
		{DAB8B6F5-EEF1-483D-8D1D-A234E666091E}.Capture.Workflow|x64.ActiveCfg = Debug
		{DAB8B6F5-EEF1-483D-8D1D-A234E666091E}.Capture.Workflow|x86.ActiveCfg = Debug
		{DAB8B6F5-EEF1-483D-8D1D-A234E666091E}.Debug|Any CPU.ActiveCfg = Debug
		{DAB8B6F5-EEF1-483D-8D1D-A234E666091E}.Debug|Mixed Platforms.ActiveCfg = Debug
		{DAB8B6F5-EEF1-483D-8D1D-A234E666091E}.Debug|x64.ActiveCfg = Debug
		{DAB8B6F5-EEF1-483D-8D1D-A234E666091E}.Debug|x86.ActiveCfg = Debug
		{DAB8B6F5-EEF1-483D-8D1D-A234E666091E}.Release|Any CPU.ActiveCfg = Release
		{DAB8B6F5-EEF1-483D-8D1D-A234E666091E}.Release|Mixed Platforms.ActiveCfg = Release
		{DAB8B6F5-EEF1-483D-8D1D-A234E666091E}.Release|x64.ActiveCfg = Release
		{DAB8B6F5-EEF1-483D-8D1D-A234E666091E}.Release|x86.ActiveCfg = Release
	EndGlobalSection
	GlobalSection(SolutionProperties) = preSolution
		HideSolutionNode = FALSE
	EndGlobalSection
	GlobalSection(ExtensibilityGlobals) = postSolution
		SolutionGuid = {DC358312-FA23-4E35-BA2C-E843E0FF514D}
	EndGlobalSection
EndGlobal
